
Microsoft Visual Studio Solution File, Format Version 12.00
# Visual Studio Version 17
VisualStudioVersion = 17.8.34511.84
MinimumVisualStudioVersion = 10.0.40219.1
Project("{FAE04EC0-301F-11D3-BF4B-00C04F79EFBC}") = "PuyuanDotNet8", "PuyuanDotNet8\PuyuanDotNet8.csproj", "{63D6E92B-3810-4085-BDA0-1233C91CAB8C}"
EndProject
Global
	GlobalSection(SolutionConfigurationPlatforms) = preSolution
		Debug|Any CPU = Debug|Any CPU
		Release|Any CPU = Release|Any CPU
	EndGlobalSection
	GlobalSection(ProjectConfigurationPlatforms) = postSolution
		{63D6E92B-3810-4085-BDA0-1233C91CAB8C}.Debug|Any CPU.ActiveCfg = Debug|Any CPU
		{63D6E92B-3810-4085-BDA0-1233C91CAB8C}.Debug|Any CPU.Build.0 = Debug|Any CPU
		{63D6E92B-3810-4085-BDA0-1233C91CAB8C}.Release|Any CPU.ActiveCfg = Release|Any CPU
		{63D6E92B-3810-4085-BDA0-1233C91CAB8C}.Release|Any CPU.Build.0 = Release|Any CPU
	EndGlobalSection
	GlobalSection(SolutionProperties) = preSolution
		HideSolutionNode = FALSE
	EndGlobalSection
	GlobalSection(ExtensibilityGlobals) = postSolution
		SolutionGuid = {8DBF1F16-A618-4A1F-A538-2C1C58C72B97}
	EndGlobalSection
EndGlobal
